
Microsoft Visual Studio Solution File, Format Version 12.00
# Visual Studio Version 17
VisualStudioVersion = 17.6.33815.320
MinimumVisualStudioVersion = 10.0.40219.1
Project("{FAE04EC0-301F-11D3-BF4B-00C04F79EFBC}") = "CoinToss", "CoinToss.csproj", "{4A60E39D-89E5-4340-8E15-491F4C584211}"
EndProject
Global
	GlobalSection(SolutionConfigurationPlatforms) = preSolution
		Debug|Any CPU = Debug|Any CPU
		Release|Any CPU = Release|Any CPU
	EndGlobalSection
	GlobalSection(ProjectConfigurationPlatforms) = postSolution
		{4A60E39D-89E5-4340-8E15-491F4C584211}.Debug|Any CPU.ActiveCfg = Debug|Any CPU
		{4A60E39D-89E5-4340-8E15-491F4C584211}.Debug|Any CPU.Build.0 = Debug|Any CPU
		{4A60E39D-89E5-4340-8E15-491F4C584211}.Release|Any CPU.ActiveCfg = Release|Any CPU
		{4A60E39D-89E5-4340-8E15-491F4C584211}.Release|Any CPU.Build.0 = Release|Any CPU
	EndGlobalSection
	GlobalSection(SolutionProperties) = preSolution
		HideSolutionNode = FALSE
	EndGlobalSection
	GlobalSection(ExtensibilityGlobals) = postSolution
		SolutionGuid = {2290D82C-85B4-48A5-A502-4669CA0BFEEE}
	EndGlobalSection
EndGlobal
